
Microsoft Visual Studio Solution File, Format Version 12.00
# Visual Studio Version 17
VisualStudioVersion = 17.8.34322.80
MinimumVisualStudioVersion = 10.0.40219.1
Project("{FAE04EC0-301F-11D3-BF4B-00C04F79EFBC}") = "ConsoleApp2", "ConsoleApp2\ConsoleApp2.csproj", "{0AD896BE-299B-4A89-BDFD-B0B94C8FB6AF}"
EndProject
Global
	GlobalSection(SolutionConfigurationPlatforms) = preSolution
		Debug|Any CPU = Debug|Any CPU
		Release|Any CPU = Release|Any CPU
	EndGlobalSection
	GlobalSection(ProjectConfigurationPlatforms) = postSolution
		{0AD896BE-299B-4A89-BDFD-B0B94C8FB6AF}.Debug|Any CPU.ActiveCfg = Debug|Any CPU
		{0AD896BE-299B-4A89-BDFD-B0B94C8FB6AF}.Debug|Any CPU.Build.0 = Debug|Any CPU
		{0AD896BE-299B-4A89-BDFD-B0B94C8FB6AF}.Release|Any CPU.ActiveCfg = Release|Any CPU
		{0AD896BE-299B-4A89-BDFD-B0B94C8FB6AF}.Release|Any CPU.Build.0 = Release|Any CPU
	EndGlobalSection
	GlobalSection(SolutionProperties) = preSolution
		HideSolutionNode = FALSE
	EndGlobalSection
	GlobalSection(ExtensibilityGlobals) = postSolution
		SolutionGuid = {6F6F226F-E612-45D4-B09A-2FB7362E22D8}
	EndGlobalSection
EndGlobal
